// !$*UTF8*$!
{
	archiveVersion = 1;
	classes = {
	};
	objectVersion = 56;
	objects = {

/* Begin PBXBuildFile section */
		633450342BEFD4B300627EC6 /* Mobile_Weather_AppApp.swift in Sources */ = {isa = PBXBuildFile; fileRef = 633450332BEFD4B300627EC6 /* Mobile_Weather_AppApp.swift */; };
		633450362BEFD4B300627EC6 /* ContentView.swift in Sources */ = {isa = PBXBuildFile; fileRef = 633450352BEFD4B300627EC6 /* ContentView.swift */; };
		633450382BEFD4B800627EC6 /* Assets.xcassets in Resources */ = {isa = PBXBuildFile; fileRef = 633450372BEFD4B800627EC6 /* Assets.xcassets */; };
		6334503B2BEFD4B800627EC6 /* Preview Assets.xcassets in Resources */ = {isa = PBXBuildFile; fileRef = 6334503A2BEFD4B800627EC6 /* Preview Assets.xcassets */; };
		633450452BEFD4B900627EC6 /* Mobile_Weather_AppTests.swift in Sources */ = {isa = PBXBuildFile; fileRef = 633450442BEFD4B900627EC6 /* Mobile_Weather_AppTests.swift */; };
		6334504F2BEFD4B900627EC6 /* Mobile_Weather_AppUITests.swift in Sources */ = {isa = PBXBuildFile; fileRef = 6334504E2BEFD4B900627EC6 /* Mobile_Weather_AppUITests.swift */; };
		633450512BEFD4B900627EC6 /* Mobile_Weather_AppUITestsLaunchTests.swift in Sources */ = {isa = PBXBuildFile; fileRef = 633450502BEFD4B900627EC6 /* Mobile_Weather_AppUITestsLaunchTests.swift */; };
		6334505E2BEFD55C00627EC6 /* APIService.swift in Sources */ = {isa = PBXBuildFile; fileRef = 6334505D2BEFD55C00627EC6 /* APIService.swift */; };
		633450602BEFD5CA00627EC6 /* Forecast.swift in Sources */ = {isa = PBXBuildFile; fileRef = 6334505F2BEFD5CA00627EC6 /* Forecast.swift */; };
		633450622BEFEE6E00627EC6 /* ForecastViewModel.swift in Sources */ = {isa = PBXBuildFile; fileRef = 633450612BEFEE6E00627EC6 /* ForecastViewModel.swift */; };
		633450642BEFF1B600627EC6 /* ForecastListViewModel.swift in Sources */ = {isa = PBXBuildFile; fileRef = 633450632BEFF1B600627EC6 /* ForecastListViewModel.swift */; };
		633450672BEFF9A500627EC6 /* SDWebImageSwiftUI in Frameworks */ = {isa = PBXBuildFile; productRef = 633450662BEFF9A500627EC6 /* SDWebImageSwiftUI */; };
		633450692BF0AA8900627EC6 /* UIApplication+Extension.swift in Sources */ = {isa = PBXBuildFile; fileRef = 633450682BF0AA8900627EC6 /* UIApplication+Extension.swift */; };
		6334506B2BF0B3D600627EC6 /* APIServiceCombine.swift in Sources */ = {isa = PBXBuildFile; fileRef = 6334506A2BF0B3D600627EC6 /* APIServiceCombine.swift */; };
/* End PBXBuildFile section */

/* Begin PBXContainerItemProxy section */
		633450412BEFD4B900627EC6 /* PBXContainerItemProxy */ = {
			isa = PBXContainerItemProxy;
			containerPortal = 633450282BEFD4B300627EC6 /* Project object */;
			proxyType = 1;
			remoteGlobalIDString = 6334502F2BEFD4B300627EC6;
			remoteInfo = "Mobile Weather App";
		};
		6334504B2BEFD4B900627EC6 /* PBXContainerItemProxy */ = {
			isa = PBXContainerItemProxy;
			containerPortal = 633450282BEFD4B300627EC6 /* Project object */;
			proxyType = 1;
			remoteGlobalIDString = 6334502F2BEFD4B300627EC6;
			remoteInfo = "Mobile Weather App";
		};
/* End PBXContainerItemProxy section */

/* Begin PBXFileReference section */
		633450302BEFD4B300627EC6 /* Mobile Weather App.app */ = {isa = PBXFileReference; explicitFileType = wrapper.application; includeInIndex = 0; path = "Mobile Weather App.app"; sourceTree = BUILT_PRODUCTS_DIR; };
		633450332BEFD4B300627EC6 /* Mobile_Weather_AppApp.swift */ = {isa = PBXFileReference; lastKnownFileType = sourcecode.swift; path = Mobile_Weather_AppApp.swift; sourceTree = "<group>"; };
		633450352BEFD4B300627EC6 /* ContentView.swift */ = {isa = PBXFileReference; lastKnownFileType = sourcecode.swift; path = ContentView.swift; sourceTree = "<group>"; };
		633450372BEFD4B800627EC6 /* Assets.xcassets */ = {isa = PBXFileReference; lastKnownFileType = folder.assetcatalog; path = Assets.xcassets; sourceTree = "<group>"; };
		6334503A2BEFD4B800627EC6 /* Preview Assets.xcassets */ = {isa = PBXFileReference; lastKnownFileType = folder.assetcatalog; path = "Preview Assets.xcassets"; sourceTree = "<group>"; };
		633450402BEFD4B900627EC6 /* Mobile Weather AppTests.xctest */ = {isa = PBXFileReference; explicitFileType = wrapper.cfbundle; includeInIndex = 0; path = "Mobile Weather AppTests.xctest"; sourceTree = BUILT_PRODUCTS_DIR; };
		633450442BEFD4B900627EC6 /* Mobile_Weather_AppTests.swift */ = {isa = PBXFileReference; lastKnownFileType = sourcecode.swift; path = Mobile_Weather_AppTests.swift; sourceTree = "<group>"; };
		6334504A2BEFD4B900627EC6 /* Mobile Weather AppUITests.xctest */ = {isa = PBXFileReference; explicitFileType = wrapper.cfbundle; includeInIndex = 0; path = "Mobile Weather AppUITests.xctest"; sourceTree = BUILT_PRODUCTS_DIR; };
		6334504E2BEFD4B900627EC6 /* Mobile_Weather_AppUITests.swift */ = {isa = PBXFileReference; lastKnownFileType = sourcecode.swift; path = Mobile_Weather_AppUITests.swift; sourceTree = "<group>"; };
		633450502BEFD4B900627EC6 /* Mobile_Weather_AppUITestsLaunchTests.swift */ = {isa = PBXFileReference; lastKnownFileType = sourcecode.swift; path = Mobile_Weather_AppUITestsLaunchTests.swift; sourceTree = "<group>"; };
		6334505D2BEFD55C00627EC6 /* APIService.swift */ = {isa = PBXFileReference; fileEncoding = 4; lastKnownFileType = sourcecode.swift; path = APIService.swift; sourceTree = "<group>"; };
		6334505F2BEFD5CA00627EC6 /* Forecast.swift */ = {isa = PBXFileReference; lastKnownFileType = sourcecode.swift; path = Forecast.swift; sourceTree = "<group>"; };
		633450612BEFEE6E00627EC6 /* ForecastViewModel.swift */ = {isa = PBXFileReference; lastKnownFileType = sourcecode.swift; path = ForecastViewModel.swift; sourceTree = "<group>"; };
		633450632BEFF1B600627EC6 /* ForecastListViewModel.swift */ = {isa = PBXFileReference; lastKnownFileType = sourcecode.swift; path = ForecastListViewModel.swift; sourceTree = "<group>"; };
		633450682BF0AA8900627EC6 /* UIApplication+Extension.swift */ = {isa = PBXFileReference; lastKnownFileType = sourcecode.swift; path = "UIApplication+Extension.swift"; sourceTree = "<group>"; };
		6334506A2BF0B3D600627EC6 /* APIServiceCombine.swift */ = {isa = PBXFileReference; lastKnownFileType = sourcecode.swift; path = APIServiceCombine.swift; sourceTree = "<group>"; };
/* End PBXFileReference section */

/* Begin PBXFrameworksBuildPhase section */
		6334502D2BEFD4B300627EC6 /* Frameworks */ = {
			isa = PBXFrameworksBuildPhase;
			buildActionMask = 2147483647;
			files = (
				633450672BEFF9A500627EC6 /* SDWebImageSwiftUI in Frameworks */,
			);
			runOnlyForDeploymentPostprocessing = 0;
		};
		6334503D2BEFD4B900627EC6 /* Frameworks */ = {
			isa = PBXFrameworksBuildPhase;
			buildActionMask = 2147483647;
			files = (
			);
			runOnlyForDeploymentPostprocessing = 0;
		};
		633450472BEFD4B900627EC6 /* Frameworks */ = {
			isa = PBXFrameworksBuildPhase;
			buildActionMask = 2147483647;
			files = (
			);
			runOnlyForDeploymentPostprocessing = 0;
		};
/* End PBXFrameworksBuildPhase section */

/* Begin PBXGroup section */
		633450272BEFD4B300627EC6 = {
			isa = PBXGroup;
			children = (
				633450322BEFD4B300627EC6 /* Mobile Weather App */,
				633450432BEFD4B900627EC6 /* Mobile Weather AppTests */,
				6334504D2BEFD4B900627EC6 /* Mobile Weather AppUITests */,
				633450312BEFD4B300627EC6 /* Products */,
			);
			sourceTree = "<group>";
		};
		633450312BEFD4B300627EC6 /* Products */ = {
			isa = PBXGroup;
			children = (
				633450302BEFD4B300627EC6 /* Mobile Weather App.app */,
				633450402BEFD4B900627EC6 /* Mobile Weather AppTests.xctest */,
				6334504A2BEFD4B900627EC6 /* Mobile Weather AppUITests.xctest */,
			);
			name = Products;
			sourceTree = "<group>";
		};
		633450322BEFD4B300627EC6 /* Mobile Weather App */ = {
			isa = PBXGroup;
			children = (
				633450332BEFD4B300627EC6 /* Mobile_Weather_AppApp.swift */,
				633450352BEFD4B300627EC6 /* ContentView.swift */,
				6334506A2BF0B3D600627EC6 /* APIServiceCombine.swift */,
				633450682BF0AA8900627EC6 /* UIApplication+Extension.swift */,
				633450612BEFEE6E00627EC6 /* ForecastViewModel.swift */,
				633450632BEFF1B600627EC6 /* ForecastListViewModel.swift */,
				6334505D2BEFD55C00627EC6 /* APIService.swift */,
				6334505F2BEFD5CA00627EC6 /* Forecast.swift */,
				633450372BEFD4B800627EC6 /* Assets.xcassets */,
				633450392BEFD4B800627EC6 /* Preview Content */,
			);
			path = "Mobile Weather App";
			sourceTree = "<group>";
		};
		633450392BEFD4B800627EC6 /* Preview Content */ = {
			isa = PBXGroup;
			children = (
				6334503A2BEFD4B800627EC6 /* Preview Assets.xcassets */,
			);
			path = "Preview Content";
			sourceTree = "<group>";
		};
		633450432BEFD4B900627EC6 /* Mobile Weather AppTests */ = {
			isa = PBXGroup;
			children = (
				633450442BEFD4B900627EC6 /* Mobile_Weather_AppTests.swift */,
			);
			path = "Mobile Weather AppTests";
			sourceTree = "<group>";
		};
		6334504D2BEFD4B900627EC6 /* Mobile Weather AppUITests */ = {
			isa = PBXGroup;
			children = (
				6334504E2BEFD4B900627EC6 /* Mobile_Weather_AppUITests.swift */,
				633450502BEFD4B900627EC6 /* Mobile_Weather_AppUITestsLaunchTests.swift */,
			);
			path = "Mobile Weather AppUITests";
			sourceTree = "<group>";
		};
/* End PBXGroup section */

/* Begin PBXNativeTarget section */
		6334502F2BEFD4B300627EC6 /* Mobile Weather App */ = {
			isa = PBXNativeTarget;
			buildConfigurationList = 633450542BEFD4B900627EC6 /* Build configuration list for PBXNativeTarget "Mobile Weather App" */;
			buildPhases = (
				6334502C2BEFD4B300627EC6 /* Sources */,
				6334502D2BEFD4B300627EC6 /* Frameworks */,
				6334502E2BEFD4B300627EC6 /* Resources */,
			);
			buildRules = (
			);
			dependencies = (
			);
			name = "Mobile Weather App";
			packageProductDependencies = (
				633450662BEFF9A500627EC6 /* SDWebImageSwiftUI */,
			);
			productName = "Mobile Weather App";
			productReference = 633450302BEFD4B300627EC6 /* Mobile Weather App.app */;
			productType = "com.apple.product-type.application";
		};
		6334503F2BEFD4B900627EC6 /* Mobile Weather AppTests */ = {
			isa = PBXNativeTarget;
			buildConfigurationList = 633450572BEFD4B900627EC6 /* Build configuration list for PBXNativeTarget "Mobile Weather AppTests" */;
			buildPhases = (
				6334503C2BEFD4B900627EC6 /* Sources */,
				6334503D2BEFD4B900627EC6 /* Frameworks */,
				6334503E2BEFD4B900627EC6 /* Resources */,
			);
			buildRules = (
			);
			dependencies = (
				633450422BEFD4B900627EC6 /* PBXTargetDependency */,
			);
			name = "Mobile Weather AppTests";
			productName = "Mobile Weather AppTests";
			productReference = 633450402BEFD4B900627EC6 /* Mobile Weather AppTests.xctest */;
			productType = "com.apple.product-type.bundle.unit-test";
		};
		633450492BEFD4B900627EC6 /* Mobile Weather AppUITests */ = {
			isa = PBXNativeTarget;
			buildConfigurationList = 6334505A2BEFD4B900627EC6 /* Build configuration list for PBXNativeTarget "Mobile Weather AppUITests" */;
			buildPhases = (
				633450462BEFD4B900627EC6 /* Sources */,
				633450472BEFD4B900627EC6 /* Frameworks */,
				633450482BEFD4B900627EC6 /* Resources */,
			);
			buildRules = (
			);
			dependencies = (
				6334504C2BEFD4B900627EC6 /* PBXTargetDependency */,
			);
			name = "Mobile Weather AppUITests";
			productName = "Mobile Weather AppUITests";
			productReference = 6334504A2BEFD4B900627EC6 /* Mobile Weather AppUITests.xctest */;
			productType = "com.apple.product-type.bundle.ui-testing";
		};
/* End PBXNativeTarget section */

/* Begin PBXProject section */
		633450282BEFD4B300627EC6 /* Project object */ = {
			isa = PBXProject;
			attributes = {
				BuildIndependentTargetsInParallel = 1;
				LastSwiftUpdateCheck = 1500;
				LastUpgradeCheck = 1500;
				TargetAttributes = {
					6334502F2BEFD4B300627EC6 = {
						CreatedOnToolsVersion = 15.0.1;
					};
					6334503F2BEFD4B900627EC6 = {
						CreatedOnToolsVersion = 15.0.1;
						TestTargetID = 6334502F2BEFD4B300627EC6;
					};
					633450492BEFD4B900627EC6 = {
						CreatedOnToolsVersion = 15.0.1;
						TestTargetID = 6334502F2BEFD4B300627EC6;
					};
				};
			};
			buildConfigurationList = 6334502B2BEFD4B300627EC6 /* Build configuration list for PBXProject "Mobile Weather App" */;
			compatibilityVersion = "Xcode 14.0";
			developmentRegion = en;
			hasScannedForEncodings = 0;
			knownRegions = (
				en,
				Base,
			);
			mainGroup = 633450272BEFD4B300627EC6;
			packageReferences = (
				633450652BEFF9A500627EC6 /* XCRemoteSwiftPackageReference "SDWebImageSwiftUI" */,
			);
			productRefGroup = 633450312BEFD4B300627EC6 /* Products */;
			projectDirPath = "";
			projectRoot = "";
			targets = (
				6334502F2BEFD4B300627EC6 /* Mobile Weather App */,
				6334503F2BEFD4B900627EC6 /* Mobile Weather AppTests */,
				633450492BEFD4B900627EC6 /* Mobile Weather AppUITests */,
			);
		};
/* End PBXProject section */

/* Begin PBXResourcesBuildPhase section */
		6334502E2BEFD4B300627EC6 /* Resources */ = {
			isa = PBXResourcesBuildPhase;
			buildActionMask = 2147483647;
			files = (
				6334503B2BEFD4B800627EC6 /* Preview Assets.xcassets in Resources */,
				633450382BEFD4B800627EC6 /* Assets.xcassets in Resources */,
			);
			runOnlyForDeploymentPostprocessing = 0;
		};
		6334503E2BEFD4B900627EC6 /* Resources */ = {
			isa = PBXResourcesBuildPhase;
			buildActionMask = 2147483647;
			files = (
			);
			runOnlyForDeploymentPostprocessing = 0;
		};
		633450482BEFD4B900627EC6 /* Resources */ = {
			isa = PBXResourcesBuildPhase;
			buildActionMask = 2147483647;
			files = (
			);
			runOnlyForDeploymentPostprocessing = 0;
		};
/* End PBXResourcesBuildPhase section */

/* Begin PBXSourcesBuildPhase section */
		6334502C2BEFD4B300627EC6 /* Sources */ = {
			isa = PBXSourcesBuildPhase;
			buildActionMask = 2147483647;
			files = (
				633450602BEFD5CA00627EC6 /* Forecast.swift in Sources */,
				633450362BEFD4B300627EC6 /* ContentView.swift in Sources */,
				6334506B2BF0B3D600627EC6 /* APIServiceCombine.swift in Sources */,
				6334505E2BEFD55C00627EC6 /* APIService.swift in Sources */,
				633450342BEFD4B300627EC6 /* Mobile_Weather_AppApp.swift in Sources */,
				633450622BEFEE6E00627EC6 /* ForecastViewModel.swift in Sources */,
				633450642BEFF1B600627EC6 /* ForecastListViewModel.swift in Sources */,
				633450692BF0AA8900627EC6 /* UIApplication+Extension.swift in Sources */,
			);
			runOnlyForDeploymentPostprocessing = 0;
		};
		6334503C2BEFD4B900627EC6 /* Sources */ = {
			isa = PBXSourcesBuildPhase;
			buildActionMask = 2147483647;
			files = (
				633450452BEFD4B900627EC6 /* Mobile_Weather_AppTests.swift in Sources */,
			);
			runOnlyForDeploymentPostprocessing = 0;
		};
		633450462BEFD4B900627EC6 /* Sources */ = {
			isa = PBXSourcesBuildPhase;
			buildActionMask = 2147483647;
			files = (
				6334504F2BEFD4B900627EC6 /* Mobile_Weather_AppUITests.swift in Sources */,
				633450512BEFD4B900627EC6 /* Mobile_Weather_AppUITestsLaunchTests.swift in Sources */,
			);
			runOnlyForDeploymentPostprocessing = 0;
		};
/* End PBXSourcesBuildPhase section */

/* Begin PBXTargetDependency section */
		633450422BEFD4B900627EC6 /* PBXTargetDependency */ = {
			isa = PBXTargetDependency;
			target = 6334502F2BEFD4B300627EC6 /* Mobile Weather App */;
			targetProxy = 633450412BEFD4B900627EC6 /* PBXContainerItemProxy */;
		};
		6334504C2BEFD4B900627EC6 /* PBXTargetDependency */ = {
			isa = PBXTargetDependency;
			target = 6334502F2BEFD4B300627EC6 /* Mobile Weather App */;
			targetProxy = 6334504B2BEFD4B900627EC6 /* PBXContainerItemProxy */;
		};
/* End PBXTargetDependency section */

/* Begin XCBuildConfiguration section */
		633450522BEFD4B900627EC6 /* Debug */ = {
			isa = XCBuildConfiguration;
			buildSettings = {
				ALWAYS_SEARCH_USER_PATHS = NO;
				ASSETCATALOG_COMPILER_GENERATE_SWIFT_ASSET_SYMBOL_EXTENSIONS = YES;
				CLANG_ANALYZER_NONNULL = YES;
				CLANG_ANALYZER_NUMBER_OBJECT_CONVERSION = YES_AGGRESSIVE;
				CLANG_CXX_LANGUAGE_STANDARD = "gnu++20";
				CLANG_ENABLE_MODULES = YES;
				CLANG_ENABLE_OBJC_ARC = YES;
				CLANG_ENABLE_OBJC_WEAK = YES;
				CLANG_WARN_BLOCK_CAPTURE_AUTORELEASING = YES;
				CLANG_WARN_BOOL_CONVERSION = YES;
				CLANG_WARN_COMMA = YES;
				CLANG_WARN_CONSTANT_CONVERSION = YES;
				CLANG_WARN_DEPRECATED_OBJC_IMPLEMENTATIONS = YES;
				CLANG_WARN_DIRECT_OBJC_ISA_USAGE = YES_ERROR;
				CLANG_WARN_DOCUMENTATION_COMMENTS = YES;
				CLANG_WARN_EMPTY_BODY = YES;
				CLANG_WARN_ENUM_CONVERSION = YES;
				CLANG_WARN_INFINITE_RECURSION = YES;
				CLANG_WARN_INT_CONVERSION = YES;
				CLANG_WARN_NON_LITERAL_NULL_CONVERSION = YES;
				CLANG_WARN_OBJC_IMPLICIT_RETAIN_SELF = YES;
				CLANG_WARN_OBJC_LITERAL_CONVERSION = YES;
				CLANG_WARN_OBJC_ROOT_CLASS = YES_ERROR;
				CLANG_WARN_QUOTED_INCLUDE_IN_FRAMEWORK_HEADER = YES;
				CLANG_WARN_RANGE_LOOP_ANALYSIS = YES;
				CLANG_WARN_STRICT_PROTOTYPES = YES;
				CLANG_WARN_SUSPICIOUS_MOVE = YES;
				CLANG_WARN_UNGUARDED_AVAILABILITY = YES_AGGRESSIVE;
				CLANG_WARN_UNREACHABLE_CODE = YES;
				CLANG_WARN__DUPLICATE_METHOD_MATCH = YES;
				COPY_PHASE_STRIP = NO;
				DEBUG_INFORMATION_FORMAT = dwarf;
				ENABLE_STRICT_OBJC_MSGSEND = YES;
				ENABLE_TESTABILITY = YES;
				ENABLE_USER_SCRIPT_SANDBOXING = YES;
				GCC_C_LANGUAGE_STANDARD = gnu17;
				GCC_DYNAMIC_NO_PIC = NO;
				GCC_NO_COMMON_BLOCKS = YES;
				GCC_OPTIMIZATION_LEVEL = 0;
				GCC_PREPROCESSOR_DEFINITIONS = (
					"DEBUG=1",
					"$(inherited)",
				);
				GCC_WARN_64_TO_32_BIT_CONVERSION = YES;
				GCC_WARN_ABOUT_RETURN_TYPE = YES_ERROR;
				GCC_WARN_UNDECLARED_SELECTOR = YES;
				GCC_WARN_UNINITIALIZED_AUTOS = YES_AGGRESSIVE;
				GCC_WARN_UNUSED_FUNCTION = YES;
				GCC_WARN_UNUSED_VARIABLE = YES;
				IPHONEOS_DEPLOYMENT_TARGET = 17.0;
				LOCALIZATION_PREFERS_STRING_CATALOGS = YES;
				MTL_ENABLE_DEBUG_INFO = INCLUDE_SOURCE;
				MTL_FAST_MATH = YES;
				ONLY_ACTIVE_ARCH = YES;
				SDKROOT = iphoneos;
				SWIFT_ACTIVE_COMPILATION_CONDITIONS = "DEBUG $(inherited)";
				SWIFT_OPTIMIZATION_LEVEL = "-Onone";
			};
			name = Debug;
		};
		633450532BEFD4B900627EC6 /* Release */ = {
			isa = XCBuildConfiguration;
			buildSettings = {
				ALWAYS_SEARCH_USER_PATHS = NO;
				ASSETCATALOG_COMPILER_GENERATE_SWIFT_ASSET_SYMBOL_EXTENSIONS = YES;
				CLANG_ANALYZER_NONNULL = YES;
				CLANG_ANALYZER_NUMBER_OBJECT_CONVERSION = YES_AGGRESSIVE;
				CLANG_CXX_LANGUAGE_STANDARD = "gnu++20";
				CLANG_ENABLE_MODULES = YES;
				CLANG_ENABLE_OBJC_ARC = YES;
				CLANG_ENABLE_OBJC_WEAK = YES;
				CLANG_WARN_BLOCK_CAPTURE_AUTORELEASING = YES;
				CLANG_WARN_BOOL_CONVERSION = YES;
				CLANG_WARN_COMMA = YES;
				CLANG_WARN_CONSTANT_CONVERSION = YES;
				CLANG_WARN_DEPRECATED_OBJC_IMPLEMENTATIONS = YES;
				CLANG_WARN_DIRECT_OBJC_ISA_USAGE = YES_ERROR;
				CLANG_WARN_DOCUMENTATION_COMMENTS = YES;
				CLANG_WARN_EMPTY_BODY = YES;
				CLANG_WARN_ENUM_CONVERSION = YES;
				CLANG_WARN_INFINITE_RECURSION = YES;
				CLANG_WARN_INT_CONVERSION = YES;
				CLANG_WARN_NON_LITERAL_NULL_CONVERSION = YES;
				CLANG_WARN_OBJC_IMPLICIT_RETAIN_SELF = YES;
				CLANG_WARN_OBJC_LITERAL_CONVERSION = YES;
				CLANG_WARN_OBJC_ROOT_CLASS = YES_ERROR;
				CLANG_WARN_QUOTED_INCLUDE_IN_FRAMEWORK_HEADER = YES;
				CLANG_WARN_RANGE_LOOP_ANALYSIS = YES;
				CLANG_WARN_STRICT_PROTOTYPES = YES;
				CLANG_WARN_SUSPICIOUS_MOVE = YES;
				CLANG_WARN_UNGUARDED_AVAILABILITY = YES_AGGRESSIVE;
				CLANG_WARN_UNREACHABLE_CODE = YES;
				CLANG_WARN__DUPLICATE_METHOD_MATCH = YES;
				COPY_PHASE_STRIP = NO;
				DEBUG_INFORMATION_FORMAT = "dwarf-with-dsym";
				ENABLE_NS_ASSERTIONS = NO;
				ENABLE_STRICT_OBJC_MSGSEND = YES;
				ENABLE_USER_SCRIPT_SANDBOXING = YES;
				GCC_C_LANGUAGE_STANDARD = gnu17;
				GCC_NO_COMMON_BLOCKS = YES;
				GCC_WARN_64_TO_32_BIT_CONVERSION = YES;
				GCC_WARN_ABOUT_RETURN_TYPE = YES_ERROR;
				GCC_WARN_UNDECLARED_SELECTOR = YES;
				GCC_WARN_UNINITIALIZED_AUTOS = YES_AGGRESSIVE;
				GCC_WARN_UNUSED_FUNCTION = YES;
				GCC_WARN_UNUSED_VARIABLE = YES;
				IPHONEOS_DEPLOYMENT_TARGET = 17.0;
				LOCALIZATION_PREFERS_STRING_CATALOGS = YES;
				MTL_ENABLE_DEBUG_INFO = NO;
				MTL_FAST_MATH = YES;
				SDKROOT = iphoneos;
				SWIFT_COMPILATION_MODE = wholemodule;
				VALIDATE_PRODUCT = YES;
			};
			name = Release;
		};
		633450552BEFD4B900627EC6 /* Debug */ = {
			isa = XCBuildConfiguration;
			buildSettings = {
				ASSETCATALOG_COMPILER_APPICON_NAME = AppIcon;
				ASSETCATALOG_COMPILER_GLOBAL_ACCENT_COLOR_NAME = AccentColor;
				CODE_SIGN_STYLE = Automatic;
				CURRENT_PROJECT_VERSION = 1;
				DEVELOPMENT_ASSET_PATHS = "\"Mobile Weather App/Preview Content\"";
				ENABLE_PREVIEWS = YES;
				GENERATE_INFOPLIST_FILE = YES;
				INFOPLIST_KEY_UIApplicationSceneManifest_Generation = YES;
				INFOPLIST_KEY_UIApplicationSupportsIndirectInputEvents = YES;
				INFOPLIST_KEY_UILaunchScreen_Generation = YES;
				INFOPLIST_KEY_UISupportedInterfaceOrientations_iPad = "UIInterfaceOrientationPortrait UIInterfaceOrientationPortraitUpsideDown UIInterfaceOrientationLandscapeLeft UIInterfaceOrientationLandscapeRight";
				INFOPLIST_KEY_UISupportedInterfaceOrientations_iPhone = "UIInterfaceOrientationPortrait UIInterfaceOrientationLandscapeLeft UIInterfaceOrientationLandscapeRight";
				LD_RUNPATH_SEARCH_PATHS = (
					"$(inherited)",
					"@executable_path/Frameworks",
				);
				MARKETING_VERSION = 1.0;
				PRODUCT_BUNDLE_IDENTIFIER = "Project.Mobile-Weather-App";
				PRODUCT_NAME = "$(TARGET_NAME)";
				SWIFT_EMIT_LOC_STRINGS = YES;
				SWIFT_VERSION = 5.0;
				TARGETED_DEVICE_FAMILY = "1,2";
			};
			name = Debug;
		};
		633450562BEFD4B900627EC6 /* Release */ = {
			isa = XCBuildConfiguration;
			buildSettings = {
				ASSETCATALOG_COMPILER_APPICON_NAME = AppIcon;
				ASSETCATALOG_COMPILER_GLOBAL_ACCENT_COLOR_NAME = AccentColor;
				CODE_SIGN_STYLE = Automatic;
				CURRENT_PROJECT_VERSION = 1;
				DEVELOPMENT_ASSET_PATHS = "\"Mobile Weather App/Preview Content\"";
				ENABLE_PREVIEWS = YES;
				GENERATE_INFOPLIST_FILE = YES;
				INFOPLIST_KEY_UIApplicationSceneManifest_Generation = YES;
				INFOPLIST_KEY_UIApplicationSupportsIndirectInputEvents = YES;
				INFOPLIST_KEY_UILaunchScreen_Generation = YES;
				INFOPLIST_KEY_UISupportedInterfaceOrientations_iPad = "UIInterfaceOrientationPortrait UIInterfaceOrientationPortraitUpsideDown UIInterfaceOrientationLandscapeLeft UIInterfaceOrientationLandscapeRight";
				INFOPLIST_KEY_UISupportedInterfaceOrientations_iPhone = "UIInterfaceOrientationPortrait UIInterfaceOrientationLandscapeLeft UIInterfaceOrientationLandscapeRight";
				LD_RUNPATH_SEARCH_PATHS = (
					"$(inherited)",
					"@executable_path/Frameworks",
				);
				MARKETING_VERSION = 1.0;
				PRODUCT_BUNDLE_IDENTIFIER = "Project.Mobile-Weather-App";
				PRODUCT_NAME = "$(TARGET_NAME)";
				SWIFT_EMIT_LOC_STRINGS = YES;
				SWIFT_VERSION = 5.0;
				TARGETED_DEVICE_FAMILY = "1,2";
			};
			name = Release;
		};
		633450582BEFD4B900627EC6 /* Debug */ = {
			isa = XCBuildConfiguration;
			buildSettings = {
				ALWAYS_EMBED_SWIFT_STANDARD_LIBRARIES = YES;
				BUNDLE_LOADER = "$(TEST_HOST)";
				CODE_SIGN_STYLE = Automatic;
				CURRENT_PROJECT_VERSION = 1;
				GENERATE_INFOPLIST_FILE = YES;
				IPHONEOS_DEPLOYMENT_TARGET = 17.0;
				MARKETING_VERSION = 1.0;
				PRODUCT_BUNDLE_IDENTIFIER = "Project.Mobile-Weather-AppTests";
				PRODUCT_NAME = "$(TARGET_NAME)";
				SWIFT_EMIT_LOC_STRINGS = NO;
				SWIFT_VERSION = 5.0;
				TARGETED_DEVICE_FAMILY = "1,2";
				TEST_HOST = "$(BUILT_PRODUCTS_DIR)/Mobile Weather App.app/$(BUNDLE_EXECUTABLE_FOLDER_PATH)/Mobile Weather App";
			};
			name = Debug;
		};
		633450592BEFD4B900627EC6 /* Release */ = {
			isa = XCBuildConfiguration;
			buildSettings = {
				ALWAYS_EMBED_SWIFT_STANDARD_LIBRARIES = YES;
				BUNDLE_LOADER = "$(TEST_HOST)";
				CODE_SIGN_STYLE = Automatic;
				CURRENT_PROJECT_VERSION = 1;
				GENERATE_INFOPLIST_FILE = YES;
				IPHONEOS_DEPLOYMENT_TARGET = 17.0;
				MARKETING_VERSION = 1.0;
				PRODUCT_BUNDLE_IDENTIFIER = "Project.Mobile-Weather-AppTests";
				PRODUCT_NAME = "$(TARGET_NAME)";
				SWIFT_EMIT_LOC_STRINGS = NO;
				SWIFT_VERSION = 5.0;
				TARGETED_DEVICE_FAMILY = "1,2";
				TEST_HOST = "$(BUILT_PRODUCTS_DIR)/Mobile Weather App.app/$(BUNDLE_EXECUTABLE_FOLDER_PATH)/Mobile Weather App";
			};
			name = Release;
		};
		6334505B2BEFD4B900627EC6 /* Debug */ = {
			isa = XCBuildConfiguration;
			buildSettings = {
				ALWAYS_EMBED_SWIFT_STANDARD_LIBRARIES = YES;
				CODE_SIGN_STYLE = Automatic;
				CURRENT_PROJECT_VERSION = 1;
				GENERATE_INFOPLIST_FILE = YES;
				MARKETING_VERSION = 1.0;
				PRODUCT_BUNDLE_IDENTIFIER = "Project.Mobile-Weather-AppUITests";
				PRODUCT_NAME = "$(TARGET_NAME)";
				SWIFT_EMIT_LOC_STRINGS = NO;
				SWIFT_VERSION = 5.0;
				TARGETED_DEVICE_FAMILY = "1,2";
				TEST_TARGET_NAME = "Mobile Weather App";
			};
			name = Debug;
		};
		6334505C2BEFD4B900627EC6 /* Release */ = {
			isa = XCBuildConfiguration;
			buildSettings = {
				ALWAYS_EMBED_SWIFT_STANDARD_LIBRARIES = YES;
				CODE_SIGN_STYLE = Automatic;
				CURRENT_PROJECT_VERSION = 1;
				GENERATE_INFOPLIST_FILE = YES;
				MARKETING_VERSION = 1.0;
				PRODUCT_BUNDLE_IDENTIFIER = "Project.Mobile-Weather-AppUITests";
				PRODUCT_NAME = "$(TARGET_NAME)";
				SWIFT_EMIT_LOC_STRINGS = NO;
				SWIFT_VERSION = 5.0;
				TARGETED_DEVICE_FAMILY = "1,2";
				TEST_TARGET_NAME = "Mobile Weather App";
			};
			name = Release;
		};
/* End XCBuildConfiguration section */

/* Begin XCConfigurationList section */
		6334502B2BEFD4B300627EC6 /* Build configuration list for PBXProject "Mobile Weather App" */ = {
			isa = XCConfigurationList;
			buildConfigurations = (
				633450522BEFD4B900627EC6 /* Debug */,
				633450532BEFD4B900627EC6 /* Release */,
			);
			defaultConfigurationIsVisible = 0;
			defaultConfigurationName = Release;
		};
		633450542BEFD4B900627EC6 /* Build configuration list for PBXNativeTarget "Mobile Weather App" */ = {
			isa = XCConfigurationList;
			buildConfigurations = (
				633450552BEFD4B900627EC6 /* Debug */,
				633450562BEFD4B900627EC6 /* Release */,
			);
			defaultConfigurationIsVisible = 0;
			defaultConfigurationName = Release;
		};
		633450572BEFD4B900627EC6 /* Build configuration list for PBXNativeTarget "Mobile Weather AppTests" */ = {
			isa = XCConfigurationList;
			buildConfigurations = (
				633450582BEFD4B900627EC6 /* Debug */,
				633450592BEFD4B900627EC6 /* Release */,
			);
			defaultConfigurationIsVisible = 0;
			defaultConfigurationName = Release;
		};
		6334505A2BEFD4B900627EC6 /* Build configuration list for PBXNativeTarget "Mobile Weather AppUITests" */ = {
			isa = XCConfigurationList;
			buildConfigurations = (
				6334505B2BEFD4B900627EC6 /* Debug */,
				6334505C2BEFD4B900627EC6 /* Release */,
			);
			defaultConfigurationIsVisible = 0;
			defaultConfigurationName = Release;
		};
/* End XCConfigurationList section */

/* Begin XCRemoteSwiftPackageReference section */
		633450652BEFF9A500627EC6 /* XCRemoteSwiftPackageReference "SDWebImageSwiftUI" */ = {
			isa = XCRemoteSwiftPackageReference;
			repositoryURL = "https://github.com/SDWebImage/SDWebImageSwiftUI";
			requirement = {
				kind = upToNextMajorVersion;
				minimumVersion = 3.0.4;
			};
		};
/* End XCRemoteSwiftPackageReference section */

/* Begin XCSwiftPackageProductDependency section */
		633450662BEFF9A500627EC6 /* SDWebImageSwiftUI */ = {
			isa = XCSwiftPackageProductDependency;
			package = 633450652BEFF9A500627EC6 /* XCRemoteSwiftPackageReference "SDWebImageSwiftUI" */;
			productName = SDWebImageSwiftUI;
		};
/* End XCSwiftPackageProductDependency section */
	};
	rootObject = 633450282BEFD4B300627EC6 /* Project object */;
}
